
Microsoft Visual Studio Solution File, Format Version 12.00
# Visual Studio 15
VisualStudioVersion = 15.0.28307.438
MinimumVisualStudioVersion = 10.0.40219.1
Project("{FAE04EC0-301F-11D3-BF4B-00C04F79EFBC}") = "U9", "U9\U9.csproj", "{67BA1063-E44C-4A86-8A3D-511FCDEE8535}"
EndProject
Global
	GlobalSection(SolutionConfigurationPlatforms) = preSolution
		Debug|Any CPU = Debug|Any CPU
		Release|Any CPU = Release|Any CPU
	EndGlobalSection
	GlobalSection(ProjectConfigurationPlatforms) = postSolution
		{67BA1063-E44C-4A86-8A3D-511FCDEE8535}.Debug|Any CPU.ActiveCfg = Debug|Any CPU
		{67BA1063-E44C-4A86-8A3D-511FCDEE8535}.Debug|Any CPU.Build.0 = Debug|Any CPU
		{67BA1063-E44C-4A86-8A3D-511FCDEE8535}.Release|Any CPU.ActiveCfg = Release|Any CPU
		{67BA1063-E44C-4A86-8A3D-511FCDEE8535}.Release|Any CPU.Build.0 = Release|Any CPU
	EndGlobalSection
	GlobalSection(SolutionProperties) = preSolution
		HideSolutionNode = FALSE
	EndGlobalSection
	GlobalSection(ExtensibilityGlobals) = postSolution
		SolutionGuid = {C46189C1-D9E9-4AE6-9055-64EF44F57568}
	EndGlobalSection
EndGlobal
